
Microsoft Visual Studio Solution File, Format Version 12.00
# Visual Studio Version 16
VisualStudioVersion = 16.0.31005.135
MinimumVisualStudioVersion = 10.0.40219.1
Project("{9A19103F-16F7-4668-BE54-9A1E7A4F7556}") = "SpotkysFirstMod", "SpotkysFirstMod.csproj", "{F84E2719-4EA4-4FD6-A028-FD045C2BC25D}"
EndProject
Global
	GlobalSection(SolutionConfigurationPlatforms) = preSolution
		Debug|Any CPU = Debug|Any CPU
		Release|Any CPU = Release|Any CPU
	EndGlobalSection
	GlobalSection(ProjectConfigurationPlatforms) = postSolution
		{F84E2719-4EA4-4FD6-A028-FD045C2BC25D}.Debug|Any CPU.ActiveCfg = Debug|Any CPU
		{F84E2719-4EA4-4FD6-A028-FD045C2BC25D}.Debug|Any CPU.Build.0 = Debug|Any CPU
		{F84E2719-4EA4-4FD6-A028-FD045C2BC25D}.Release|Any CPU.ActiveCfg = Release|Any CPU
		{F84E2719-4EA4-4FD6-A028-FD045C2BC25D}.Release|Any CPU.Build.0 = Release|Any CPU
	EndGlobalSection
	GlobalSection(SolutionProperties) = preSolution
		HideSolutionNode = FALSE
	EndGlobalSection
	GlobalSection(ExtensibilityGlobals) = postSolution
		SolutionGuid = {E45BB579-FC02-4171-946A-BDB5C267C4E8}
	EndGlobalSection
EndGlobal
